
Microsoft Visual Studio Solution File, Format Version 12.00
# Visual Studio Version 17
VisualStudioVersion = 17.2.32526.322
MinimumVisualStudioVersion = 10.0.40219.1
Project("{FAE04EC0-301F-11D3-BF4B-00C04F79EFBC}") = "SwapPairs", "SwapPairs\SwapPairs.csproj", "{89FEB7E6-D8BF-423E-BE59-9D87B52568D4}"
EndProject
Project("{FAE04EC0-301F-11D3-BF4B-00C04F79EFBC}") = "TestSwapPairs", "TestSwapPairs\TestSwapPairs.csproj", "{C2060E38-D51D-401A-9192-53C21FC22010}"
EndProject
Global
	GlobalSection(SolutionConfigurationPlatforms) = preSolution
		Debug|Any CPU = Debug|Any CPU
		Release|Any CPU = Release|Any CPU
	EndGlobalSection
	GlobalSection(ProjectConfigurationPlatforms) = postSolution
		{89FEB7E6-D8BF-423E-BE59-9D87B52568D4}.Debug|Any CPU.ActiveCfg = Debug|Any CPU
		{89FEB7E6-D8BF-423E-BE59-9D87B52568D4}.Debug|Any CPU.Build.0 = Debug|Any CPU
		{89FEB7E6-D8BF-423E-BE59-9D87B52568D4}.Release|Any CPU.ActiveCfg = Release|Any CPU
		{89FEB7E6-D8BF-423E-BE59-9D87B52568D4}.Release|Any CPU.Build.0 = Release|Any CPU
		{C2060E38-D51D-401A-9192-53C21FC22010}.Debug|Any CPU.ActiveCfg = Debug|Any CPU
		{C2060E38-D51D-401A-9192-53C21FC22010}.Debug|Any CPU.Build.0 = Debug|Any CPU
		{C2060E38-D51D-401A-9192-53C21FC22010}.Release|Any CPU.ActiveCfg = Release|Any CPU
		{C2060E38-D51D-401A-9192-53C21FC22010}.Release|Any CPU.Build.0 = Release|Any CPU
	EndGlobalSection
	GlobalSection(SolutionProperties) = preSolution
		HideSolutionNode = FALSE
	EndGlobalSection
	GlobalSection(ExtensibilityGlobals) = postSolution
		SolutionGuid = {0DEB8090-D216-43B6-96E1-BF89E08DB426}
	EndGlobalSection
EndGlobal
